// !$*UTF8*$!
{
	archiveVersion = 1;
	classes = {
	};
	objectVersion = 46;
	objects = {

/* Begin PBXBuildFile section */
		31C36FCE1F99D5A9002CDC66 /* main.c in Sources */ = {isa = PBXBuildFile; fileRef = 31C36FCD1F99D5A9002CDC66 /* main.c */; };
		31C36FDB1F99D5EA002CDC66 /* errorCustom.c in Sources */ = {isa = PBXBuildFile; fileRef = 31C36FD41F99D5EA002CDC66 /* errorCustom.c */; };
		31C36FDC1F99D5EA002CDC66 /* warpStdio.c in Sources */ = {isa = PBXBuildFile; fileRef = 31C36FD71F99D5EA002CDC66 /* warpStdio.c */; };
		31C36FDD1F99D5EA002CDC66 /* wrapUnix.c in Sources */ = {isa = PBXBuildFile; fileRef = 31C36FD91F99D5EA002CDC66 /* wrapUnix.c */; };
		31C36FE01F99D7D4002CDC66 /* server.c in Sources */ = {isa = PBXBuildFile; fileRef = 31C36FDE1F99D7D4002CDC66 /* server.c */; };
		31C36FE31F99D7DE002CDC66 /* client.c in Sources */ = {isa = PBXBuildFile; fileRef = 31C36FE11F99D7DE002CDC66 /* client.c */; };
/* End PBXBuildFile section */

/* Begin PBXCopyFilesBuildPhase section */
		31C36FC81F99D5A9002CDC66 /* CopyFiles */ = {
			isa = PBXCopyFilesBuildPhase;
			buildActionMask = 2147483647;
			dstPath = /usr/share/man/man1/;
			dstSubfolderSpec = 0;
			files = (
			);
			runOnlyForDeploymentPostprocessing = 1;
		};
/* End PBXCopyFilesBuildPhase section */

/* Begin PBXFileReference section */
		31C36FCA1F99D5A9002CDC66 /* client */ = {isa = PBXFileReference; explicitFileType = "compiled.mach-o.executable"; includeInIndex = 0; path = client; sourceTree = BUILT_PRODUCTS_DIR; };
		31C36FCD1F99D5A9002CDC66 /* main.c */ = {isa = PBXFileReference; lastKnownFileType = sourcecode.c.c; path = main.c; sourceTree = "<group>"; };
		31C36FD41F99D5EA002CDC66 /* errorCustom.c */ = {isa = PBXFileReference; fileEncoding = 4; lastKnownFileType = sourcecode.c.c; name = errorCustom.c; path = ../../../public/errorCustom.c; sourceTree = "<group>"; };
		31C36FD51F99D5EA002CDC66 /* errorCustom.h */ = {isa = PBXFileReference; fileEncoding = 4; lastKnownFileType = sourcecode.c.h; name = errorCustom.h; path = ../../../public/errorCustom.h; sourceTree = "<group>"; };
		31C36FD61F99D5EA002CDC66 /* unixIPC.h */ = {isa = PBXFileReference; fileEncoding = 4; lastKnownFileType = sourcecode.c.h; name = unixIPC.h; path = ../../../public/unixIPC.h; sourceTree = "<group>"; };
		31C36FD71F99D5EA002CDC66 /* warpStdio.c */ = {isa = PBXFileReference; fileEncoding = 4; lastKnownFileType = sourcecode.c.c; name = warpStdio.c; path = ../../../public/warpStdio.c; sourceTree = "<group>"; };
		31C36FD81F99D5EA002CDC66 /* warpStdio.h */ = {isa = PBXFileReference; fileEncoding = 4; lastKnownFileType = sourcecode.c.h; name = warpStdio.h; path = ../../../public/warpStdio.h; sourceTree = "<group>"; };
		31C36FD91F99D5EA002CDC66 /* wrapUnix.c */ = {isa = PBXFileReference; fileEncoding = 4; lastKnownFileType = sourcecode.c.c; name = wrapUnix.c; path = ../../../public/wrapUnix.c; sourceTree = "<group>"; };
		31C36FDA1F99D5EA002CDC66 /* wrapUnix.h */ = {isa = PBXFileReference; fileEncoding = 4; lastKnownFileType = sourcecode.c.h; name = wrapUnix.h; path = ../../../public/wrapUnix.h; sourceTree = "<group>"; };
		31C36FDE1F99D7D4002CDC66 /* server.c */ = {isa = PBXFileReference; fileEncoding = 4; lastKnownFileType = sourcecode.c.c; path = server.c; sourceTree = "<group>"; };
		31C36FDF1F99D7D4002CDC66 /* server.h */ = {isa = PBXFileReference; fileEncoding = 4; lastKnownFileType = sourcecode.c.h; path = server.h; sourceTree = "<group>"; };
		31C36FE11F99D7DE002CDC66 /* client.c */ = {isa = PBXFileReference; fileEncoding = 4; lastKnownFileType = sourcecode.c.c; path = client.c; sourceTree = "<group>"; };
		31C36FE21F99D7DE002CDC66 /* client.h */ = {isa = PBXFileReference; fileEncoding = 4; lastKnownFileType = sourcecode.c.h; path = client.h; sourceTree = "<group>"; };
/* End PBXFileReference section */

/* Begin PBXFrameworksBuildPhase section */
		31C36FC71F99D5A9002CDC66 /* Frameworks */ = {
			isa = PBXFrameworksBuildPhase;
			buildActionMask = 2147483647;
			files = (
			);
			runOnlyForDeploymentPostprocessing = 0;
		};
/* End PBXFrameworksBuildPhase section */

/* Begin PBXGroup section */
		31C36FC11F99D5A9002CDC66 = {
			isa = PBXGroup;
			children = (
				31C36FD41F99D5EA002CDC66 /* errorCustom.c */,
				31C36FD51F99D5EA002CDC66 /* errorCustom.h */,
				31C36FD61F99D5EA002CDC66 /* unixIPC.h */,
				31C36FD71F99D5EA002CDC66 /* warpStdio.c */,
				31C36FD81F99D5EA002CDC66 /* warpStdio.h */,
				31C36FD91F99D5EA002CDC66 /* wrapUnix.c */,
				31C36FDA1F99D5EA002CDC66 /* wrapUnix.h */,
				31C36FCC1F99D5A9002CDC66 /* client */,
				31C36FCB1F99D5A9002CDC66 /* Products */,
			);
			sourceTree = "<group>";
		};
		31C36FCB1F99D5A9002CDC66 /* Products */ = {
			isa = PBXGroup;
			children = (
				31C36FCA1F99D5A9002CDC66 /* client */,
			);
			name = Products;
			sourceTree = "<group>";
		};
		31C36FCC1F99D5A9002CDC66 /* client */ = {
			isa = PBXGroup;
			children = (
				31C36FCD1F99D5A9002CDC66 /* main.c */,
				31C36FDE1F99D7D4002CDC66 /* server.c */,
				31C36FDF1F99D7D4002CDC66 /* server.h */,
				31C36FE11F99D7DE002CDC66 /* client.c */,
				31C36FE21F99D7DE002CDC66 /* client.h */,
			);
			path = client;
			sourceTree = "<group>";
		};
/* End PBXGroup section */

/* Begin PBXNativeTarget section */
		31C36FC91F99D5A9002CDC66 /* client */ = {
			isa = PBXNativeTarget;
			buildConfigurationList = 31C36FD11F99D5A9002CDC66 /* Build configuration list for PBXNativeTarget "client" */;
			buildPhases = (
				31C36FC61F99D5A9002CDC66 /* Sources */,
				31C36FC71F99D5A9002CDC66 /* Frameworks */,
				31C36FC81F99D5A9002CDC66 /* CopyFiles */,
			);
			buildRules = (
			);
			dependencies = (
			);
			name = client;
			productName = client;
			productReference = 31C36FCA1F99D5A9002CDC66 /* client */;
			productType = "com.apple.product-type.tool";
		};
/* End PBXNativeTarget section */

/* Begin PBXProject section */
		31C36FC21F99D5A9002CDC66 /* Project object */ = {
			isa = PBXProject;
			attributes = {
				LastUpgradeCheck = 0830;
				ORGANIZATIONNAME = mySelf;
				TargetAttributes = {
					31C36FC91F99D5A9002CDC66 = {
						CreatedOnToolsVersion = 8.3.1;
						DevelopmentTeam = HTD8US8PM8;
						ProvisioningStyle = Automatic;
					};
				};
			};
			buildConfigurationList = 31C36FC51F99D5A9002CDC66 /* Build configuration list for PBXProject "client" */;
			compatibilityVersion = "Xcode 3.2";
			developmentRegion = English;
			hasScannedForEncodings = 0;
			knownRegions = (
				en,
			);
			mainGroup = 31C36FC11F99D5A9002CDC66;
			productRefGroup = 31C36FCB1F99D5A9002CDC66 /* Products */;
			projectDirPath = "";
			projectRoot = "";
			targets = (
				31C36FC91F99D5A9002CDC66 /* client */,
			);
		};
/* End PBXProject section */

/* Begin PBXSourcesBuildPhase section */
		31C36FC61F99D5A9002CDC66 /* Sources */ = {
			isa = PBXSourcesBuildPhase;
			buildActionMask = 2147483647;
			files = (
				31C36FDC1F99D5EA002CDC66 /* warpStdio.c in Sources */,
				31C36FDD1F99D5EA002CDC66 /* wrapUnix.c in Sources */,
				31C36FE31F99D7DE002CDC66 /* client.c in Sources */,
				31C36FCE1F99D5A9002CDC66 /* main.c in Sources */,
				31C36FE01F99D7D4002CDC66 /* server.c in Sources */,
				31C36FDB1F99D5EA002CDC66 /* errorCustom.c in Sources */,
			);
			runOnlyForDeploymentPostprocessing = 0;
		};
/* End PBXSourcesBuildPhase section */

/* Begin XCBuildConfiguration section */
		31C36FCF1F99D5A9002CDC66 /* Debug */ = {
			isa = XCBuildConfiguration;
			buildSettings = {
				ALWAYS_SEARCH_USER_PATHS = NO;
				CLANG_ANALYZER_NONNULL = YES;
				CLANG_ANALYZER_NUMBER_OBJECT_CONVERSION = YES_AGGRESSIVE;
				CLANG_CXX_LANGUAGE_STANDARD = "gnu++0x";
				CLANG_CXX_LIBRARY = "libc++";
				CLANG_ENABLE_MODULES = YES;
				CLANG_ENABLE_OBJC_ARC = YES;
				CLANG_WARN_BOOL_CONVERSION = YES;
				CLANG_WARN_CONSTANT_CONVERSION = YES;
				CLANG_WARN_DIRECT_OBJC_ISA_USAGE = YES_ERROR;
				CLANG_WARN_DOCUMENTATION_COMMENTS = YES;
				CLANG_WARN_EMPTY_BODY = YES;
				CLANG_WARN_ENUM_CONVERSION = YES;
				CLANG_WARN_INFINITE_RECURSION = YES;
				CLANG_WARN_INT_CONVERSION = YES;
				CLANG_WARN_OBJC_ROOT_CLASS = YES_ERROR;
				CLANG_WARN_SUSPICIOUS_MOVE = YES;
				CLANG_WARN_UNREACHABLE_CODE = YES;
				CLANG_WARN__DUPLICATE_METHOD_MATCH = YES;
				CODE_SIGN_IDENTITY = "-";
				COPY_PHASE_STRIP = NO;
				DEBUG_INFORMATION_FORMAT = dwarf;
				ENABLE_STRICT_OBJC_MSGSEND = YES;
				ENABLE_TESTABILITY = YES;
				GCC_C_LANGUAGE_STANDARD = gnu99;
				GCC_DYNAMIC_NO_PIC = NO;
				GCC_NO_COMMON_BLOCKS = YES;
				GCC_OPTIMIZATION_LEVEL = 0;
				GCC_PREPROCESSOR_DEFINITIONS = (
					"DEBUG=1",
					"$(inherited)",
				);
				GCC_WARN_64_TO_32_BIT_CONVERSION = YES;
				GCC_WARN_ABOUT_RETURN_TYPE = YES_ERROR;
				GCC_WARN_UNDECLARED_SELECTOR = YES;
				GCC_WARN_UNINITIALIZED_AUTOS = YES_AGGRESSIVE;
				GCC_WARN_UNUSED_FUNCTION = YES;
				GCC_WARN_UNUSED_VARIABLE = YES;
				MACOSX_DEPLOYMENT_TARGET = 10.12;
				MTL_ENABLE_DEBUG_INFO = YES;
				ONLY_ACTIVE_ARCH = YES;
				SDKROOT = macosx;
			};
			name = Debug;
		};
		31C36FD01F99D5A9002CDC66 /* Release */ = {
			isa = XCBuildConfiguration;
			buildSettings = {
				ALWAYS_SEARCH_USER_PATHS = NO;
				CLANG_ANALYZER_NONNULL = YES;
				CLANG_ANALYZER_NUMBER_OBJECT_CONVERSION = YES_AGGRESSIVE;
				CLANG_CXX_LANGUAGE_STANDARD = "gnu++0x";
				CLANG_CXX_LIBRARY = "libc++";
				CLANG_ENABLE_MODULES = YES;
				CLANG_ENABLE_OBJC_ARC = YES;
				CLANG_WARN_BOOL_CONVERSION = YES;
				CLANG_WARN_CONSTANT_CONVERSION = YES;
				CLANG_WARN_DIRECT_OBJC_ISA_USAGE = YES_ERROR;
				CLANG_WARN_DOCUMENTATION_COMMENTS = YES;
				CLANG_WARN_EMPTY_BODY = YES;
				CLANG_WARN_ENUM_CONVERSION = YES;
				CLANG_WARN_INFINITE_RECURSION = YES;
				CLANG_WARN_INT_CONVERSION = YES;
				CLANG_WARN_OBJC_ROOT_CLASS = YES_ERROR;
				CLANG_WARN_SUSPICIOUS_MOVE = YES;
				CLANG_WARN_UNREACHABLE_CODE = YES;
				CLANG_WARN__DUPLICATE_METHOD_MATCH = YES;
				CODE_SIGN_IDENTITY = "-";
				COPY_PHASE_STRIP = NO;
				DEBUG_INFORMATION_FORMAT = "dwarf-with-dsym";
				ENABLE_NS_ASSERTIONS = NO;
				ENABLE_STRICT_OBJC_MSGSEND = YES;
				GCC_C_LANGUAGE_STANDARD = gnu99;
				GCC_NO_COMMON_BLOCKS = YES;
				GCC_WARN_64_TO_32_BIT_CONVERSION = YES;
				GCC_WARN_ABOUT_RETURN_TYPE = YES_ERROR;
				GCC_WARN_UNDECLARED_SELECTOR = YES;
				GCC_WARN_UNINITIALIZED_AUTOS = YES_AGGRESSIVE;
				GCC_WARN_UNUSED_FUNCTION = YES;
				GCC_WARN_UNUSED_VARIABLE = YES;
				MACOSX_DEPLOYMENT_TARGET = 10.12;
				MTL_ENABLE_DEBUG_INFO = NO;
				SDKROOT = macosx;
			};
			name = Release;
		};
		31C36FD21F99D5A9002CDC66 /* Debug */ = {
			isa = XCBuildConfiguration;
			buildSettings = {
				DEVELOPMENT_TEAM = HTD8US8PM8;
				PRODUCT_NAME = "$(TARGET_NAME)";
			};
			name = Debug;
		};
		31C36FD31F99D5A9002CDC66 /* Release */ = {
			isa = XCBuildConfiguration;
			buildSettings = {
				DEVELOPMENT_TEAM = HTD8US8PM8;
				PRODUCT_NAME = "$(TARGET_NAME)";
			};
			name = Release;
		};
/* End XCBuildConfiguration section */

/* Begin XCConfigurationList section */
		31C36FC51F99D5A9002CDC66 /* Build configuration list for PBXProject "client" */ = {
			isa = XCConfigurationList;
			buildConfigurations = (
				31C36FCF1F99D5A9002CDC66 /* Debug */,
				31C36FD01F99D5A9002CDC66 /* Release */,
			);
			defaultConfigurationIsVisible = 0;
			defaultConfigurationName = Release;
		};
		31C36FD11F99D5A9002CDC66 /* Build configuration list for PBXNativeTarget "client" */ = {
			isa = XCConfigurationList;
			buildConfigurations = (
				31C36FD21F99D5A9002CDC66 /* Debug */,
				31C36FD31F99D5A9002CDC66 /* Release */,
			);
			defaultConfigurationIsVisible = 0;
		};
/* End XCConfigurationList section */
	};
	rootObject = 31C36FC21F99D5A9002CDC66 /* Project object */;
}
